
Microsoft Visual Studio Solution File, Format Version 12.00
# Visual Studio Version 17
VisualStudioVersion = 17.8.34322.80
MinimumVisualStudioVersion = 10.0.40219.1
Project("{F184B08F-C81C-45F6-A57F-5ABD9991F28F}") = "Area Of A Circle", "Area Of A Circle.vbproj", "{AB253888-1C29-4C8E-BAF0-45E8EEBBAE01}"
EndProject
Global
	GlobalSection(SolutionConfigurationPlatforms) = preSolution
		Debug|Any CPU = Debug|Any CPU
		Release|Any CPU = Release|Any CPU
	EndGlobalSection
	GlobalSection(ProjectConfigurationPlatforms) = postSolution
		{AB253888-1C29-4C8E-BAF0-45E8EEBBAE01}.Debug|Any CPU.ActiveCfg = Debug|Any CPU
		{AB253888-1C29-4C8E-BAF0-45E8EEBBAE01}.Debug|Any CPU.Build.0 = Debug|Any CPU
		{AB253888-1C29-4C8E-BAF0-45E8EEBBAE01}.Release|Any CPU.ActiveCfg = Release|Any CPU
		{AB253888-1C29-4C8E-BAF0-45E8EEBBAE01}.Release|Any CPU.Build.0 = Release|Any CPU
	EndGlobalSection
	GlobalSection(SolutionProperties) = preSolution
		HideSolutionNode = FALSE
	EndGlobalSection
	GlobalSection(ExtensibilityGlobals) = postSolution
		SolutionGuid = {4B297573-0453-49F0-8D1C-1CC9E6CB926C}
	EndGlobalSection
EndGlobal
